
Microsoft Visual Studio Solution File, Format Version 12.00
# Visual Studio 15
Project("{FAE04EC0-301F-11D3-BF4B-00C04F79EFBC}") = "AIEnrichmentDemo.Android", "AIEnrichmentDemo.Android\AIEnrichmentDemo.Android.csproj", "{058E15E1-9491-4734-8477-FD45D3D90BE2}"
EndProject
Project("{FAE04EC0-301F-11D3-BF4B-00C04F79EFBC}") = "AIEnrichmentDemo.iOS", "AIEnrichmentDemo.iOS\AIEnrichmentDemo.iOS.csproj", "{81F2980F-2DAC-46DD-806B-721224303065}"
EndProject
Project("{FAE04EC0-301F-11D3-BF4B-00C04F79EFBC}") = "AIEnrichmentDemo", "AIEnrichmentDemo\AIEnrichmentDemo.csproj", "{7C43F2FE-F5CE-44AA-827F-4471CD6926E3}"
EndProject
Global
	GlobalSection(SolutionConfigurationPlatforms) = preSolution
		Debug|Any CPU = Debug|Any CPU
		Release|Any CPU = Release|Any CPU
		Debug|iPhoneSimulator = Debug|iPhoneSimulator
		Release|iPhoneSimulator = Release|iPhoneSimulator
		Debug|iPhone = Debug|iPhone
		Release|iPhone = Release|iPhone
	EndGlobalSection
	GlobalSection(ProjectConfigurationPlatforms) = postSolution
		{058E15E1-9491-4734-8477-FD45D3D90BE2}.Debug|Any CPU.ActiveCfg = Debug|Any CPU
		{058E15E1-9491-4734-8477-FD45D3D90BE2}.Debug|Any CPU.Build.0 = Debug|Any CPU
		{058E15E1-9491-4734-8477-FD45D3D90BE2}.Release|Any CPU.ActiveCfg = Release|Any CPU
		{058E15E1-9491-4734-8477-FD45D3D90BE2}.Release|Any CPU.Build.0 = Release|Any CPU
		{058E15E1-9491-4734-8477-FD45D3D90BE2}.Debug|iPhoneSimulator.ActiveCfg = Debug|Any CPU
		{058E15E1-9491-4734-8477-FD45D3D90BE2}.Debug|iPhoneSimulator.Build.0 = Debug|Any CPU
		{058E15E1-9491-4734-8477-FD45D3D90BE2}.Release|iPhoneSimulator.ActiveCfg = Release|Any CPU
		{058E15E1-9491-4734-8477-FD45D3D90BE2}.Release|iPhoneSimulator.Build.0 = Release|Any CPU
		{058E15E1-9491-4734-8477-FD45D3D90BE2}.Debug|iPhone.ActiveCfg = Debug|Any CPU
		{058E15E1-9491-4734-8477-FD45D3D90BE2}.Debug|iPhone.Build.0 = Debug|Any CPU
		{058E15E1-9491-4734-8477-FD45D3D90BE2}.Release|iPhone.ActiveCfg = Release|Any CPU
		{058E15E1-9491-4734-8477-FD45D3D90BE2}.Release|iPhone.Build.0 = Release|Any CPU
		{81F2980F-2DAC-46DD-806B-721224303065}.Debug|Any CPU.ActiveCfg = Debug|iPhoneSimulator
		{81F2980F-2DAC-46DD-806B-721224303065}.Debug|Any CPU.Build.0 = Debug|iPhoneSimulator
		{81F2980F-2DAC-46DD-806B-721224303065}.Release|Any CPU.ActiveCfg = Release|iPhoneSimulator
		{81F2980F-2DAC-46DD-806B-721224303065}.Release|Any CPU.Build.0 = Release|iPhoneSimulator
		{81F2980F-2DAC-46DD-806B-721224303065}.Debug|iPhoneSimulator.ActiveCfg = Debug|iPhoneSimulator
		{81F2980F-2DAC-46DD-806B-721224303065}.Debug|iPhoneSimulator.Build.0 = Debug|iPhoneSimulator
		{81F2980F-2DAC-46DD-806B-721224303065}.Release|iPhoneSimulator.ActiveCfg = Release|iPhoneSimulator
		{81F2980F-2DAC-46DD-806B-721224303065}.Release|iPhoneSimulator.Build.0 = Release|iPhoneSimulator
		{81F2980F-2DAC-46DD-806B-721224303065}.Debug|iPhone.ActiveCfg = Debug|iPhone
		{81F2980F-2DAC-46DD-806B-721224303065}.Debug|iPhone.Build.0 = Debug|iPhone
		{81F2980F-2DAC-46DD-806B-721224303065}.Release|iPhone.ActiveCfg = Release|iPhone
		{81F2980F-2DAC-46DD-806B-721224303065}.Release|iPhone.Build.0 = Release|iPhone
		{7C43F2FE-F5CE-44AA-827F-4471CD6926E3}.Debug|Any CPU.ActiveCfg = Debug|Any CPU
		{7C43F2FE-F5CE-44AA-827F-4471CD6926E3}.Debug|Any CPU.Build.0 = Debug|Any CPU
		{7C43F2FE-F5CE-44AA-827F-4471CD6926E3}.Release|Any CPU.ActiveCfg = Release|Any CPU
		{7C43F2FE-F5CE-44AA-827F-4471CD6926E3}.Release|Any CPU.Build.0 = Release|Any CPU
		{7C43F2FE-F5CE-44AA-827F-4471CD6926E3}.Debug|iPhoneSimulator.ActiveCfg = Debug|Any CPU
		{7C43F2FE-F5CE-44AA-827F-4471CD6926E3}.Debug|iPhoneSimulator.Build.0 = Debug|Any CPU
		{7C43F2FE-F5CE-44AA-827F-4471CD6926E3}.Release|iPhoneSimulator.ActiveCfg = Release|Any CPU
		{7C43F2FE-F5CE-44AA-827F-4471CD6926E3}.Release|iPhoneSimulator.Build.0 = Release|Any CPU
		{7C43F2FE-F5CE-44AA-827F-4471CD6926E3}.Debug|iPhone.ActiveCfg = Debug|Any CPU
		{7C43F2FE-F5CE-44AA-827F-4471CD6926E3}.Debug|iPhone.Build.0 = Debug|Any CPU
		{7C43F2FE-F5CE-44AA-827F-4471CD6926E3}.Release|iPhone.ActiveCfg = Release|Any CPU
		{7C43F2FE-F5CE-44AA-827F-4471CD6926E3}.Release|iPhone.Build.0 = Release|Any CPU
	EndGlobalSection
EndGlobal
